<?xml version="1.0" encoding="utf-8"?>
<Project ToolsVersion="4.0" xmlns="http://schemas.microsoft.com/developer/msbuild/2003">
  <ItemGroup>
    <Filter Include="Source Files">
      <UniqueIdentifier>{4FC737F1-C7A5-4376-A066-2A32D752A2FF}</UniqueIdentifier>
      <Extensions>cpp;c;cc;cxx;c++;cppm;ixx;def;odl;idl;hpj;bat;asm;asmx</Extensions>
    </Filter>
    <Filter Include="Header Files">
      <UniqueIdentifier>{93995380-89BD-4b04-88EB-625FBE52EBFB}</UniqueIdentifier>
      <Extensions>h;hh;hpp;hxx;h++;hm;inl;inc;ipp;xsd</Extensions>
    </Filter>
    <Filter Include="Resource Files">
      <UniqueIdentifier>{67DA6AB6-F800-4c08-8B7A-83BB121AAD01}</UniqueIdentifier>
      <Extensions>rc;ico;cur;bmp;dlg;rc2;rct;bin;rgs;gif;jpg;jpeg;jpe;resx;tiff;tif;png;wav;mfcribbon-ms</Extensions>
    </Filter>
  </ItemGroup>
  <ItemGroup>
    <ClInclude Include="ActorBase.h">
      <Filter>Header Files</Filter>
    </ClInclude>
    <ClInclude Include="JuegoBase.h">
      <Filter>Header Files</Filter>
    </ClInclude>
    <ClInclude Include="Motor.h">
      <Filter>Header Files</Filter>
    </ClInclude>
    <ClInclude Include="Rendidor.h">
      <Filter>Header Files</Filter>
    </ClInclude>
    <ClInclude Include="Tiempo.h">
      <Filter>Header Files</Filter>
    </ClInclude>
    <ClInclude Include="UNIR-2D.h">
      <Filter>Header Files</Filter>
    </ClInclude>
    <ClInclude Include="Vector.h">
      <Filter>Header Files</Filter>
    </ClInclude>
    <ClInclude Include="Color.h">
      <Filter>Header Files</Filter>
    </ClInclude>
    <ClInclude Include="Circulo.h">
      <Filter>Header Files</Filter>
    </ClInclude>
    <ClInclude Include="Transforma.h">
      <Filter>Header Files</Filter>
    </ClInclude>
    <ClInclude Include="Rectangulo.h">
      <Filter>Header Files</Filter>
    </ClInclude>
    <ClInclude Include="Dibujable.h">
      <Filter>Header Files</Filter>
    </ClInclude>
    <ClInclude Include="Trazos.h">
      <Filter>Header Files</Filter>
    </ClInclude>
    <ClInclude Include="Teclado.h">
      <Filter>Header Files</Filter>
    </ClInclude>
    <ClInclude Include="Texto.h">
      <Filter>Header Files</Filter>
    </ClInclude>
    <ClInclude Include="Fuentes.h">
      <Filter>Header Files</Filter>
    </ClInclude>
    <ClInclude Include="Imagen.h">
      <Filter>Header Files</Filter>
    </ClInclude>
    <ClInclude Include="Textura.h">
      <Filter>Header Files</Filter>
    </ClInclude>
    <ClInclude Include="Coord.h">
      <Filter>Header Files</Filter>
    </ClInclude>
    <ClInclude Include="Raton.h">
      <Filter>Header Files</Filter>
    </ClInclude>
    <ClInclude Include="Baldosas.h">
      <Filter>Header Files</Filter>
    </ClInclude>
    <ClInclude Include="Malla.h">
      <Filter>Header Files</Filter>
    </ClInclude>
    <ClInclude Include="Region.h">
      <Filter>Header Files</Filter>
    </ClInclude>
    <ClInclude Include="RellenoFigura.h">
      <Filter>Header Files</Filter>
    </ClInclude>
    <ClInclude Include="Sonido.h">
      <Filter>Header Files</Filter>
    </ClInclude>
    <ClInclude Include="EjecucionJuego.h">
      <Filter>Header Files</Filter>
    </ClInclude>
    <ClInclude Include="TrazoLinea.h">
      <Filter>Header Files</Filter>
    </ClInclude>
    <ClInclude Include="TrianguloMalla.h">
      <Filter>Header Files</Filter>
    </ClInclude>
    <ClInclude Include="BotonRaton.h">
      <Filter>Header Files</Filter>
    </ClInclude>
    <ClInclude Include="Tecla.h">
      <Filter>Header Files</Filter>
    </ClInclude>
  </ItemGroup>
  <ItemGroup>
    <ClCompile Include="pch.cpp">
      <Filter>Source Files</Filter>
    </ClCompile>
    <ClCompile Include="Motor.cpp">
      <Filter>Source Files</Filter>
    </ClCompile>
    <ClCompile Include="Rendidor.cpp">
      <Filter>Source Files</Filter>
    </ClCompile>
    <ClCompile Include="ActorBase.cpp">
      <Filter>Source Files</Filter>
    </ClCompile>
    <ClCompile Include="Circulo.cpp">
      <Filter>Source Files</Filter>
    </ClCompile>
    <ClCompile Include="Rectangulo.cpp">
      <Filter>Source Files</Filter>
    </ClCompile>
    <ClCompile Include="Dibujable.cpp">
      <Filter>Source Files</Filter>
    </ClCompile>
    <ClCompile Include="JuegoBase.cpp">
      <Filter>Source Files</Filter>
    </ClCompile>
    <ClCompile Include="Trazos.cpp">
      <Filter>Source Files</Filter>
    </ClCompile>
    <ClCompile Include="Teclado.cpp">
      <Filter>Source Files</Filter>
    </ClCompile>
    <ClCompile Include="Fuentes.cpp">
      <Filter>Source Files</Filter>
    </ClCompile>
    <ClCompile Include="Texto.cpp">
      <Filter>Source Files</Filter>
    </ClCompile>
    <ClCompile Include="Transforma.cpp">
      <Filter>Source Files</Filter>
    </ClCompile>
    <ClCompile Include="Imagen.cpp">
      <Filter>Source Files</Filter>
    </ClCompile>
    <ClCompile Include="Textura.cpp">
      <Filter>Source Files</Filter>
    </ClCompile>
    <ClCompile Include="Raton.cpp">
      <Filter>Source Files</Filter>
    </ClCompile>
    <ClCompile Include="Baldosas.cpp">
      <Filter>Source Files</Filter>
    </ClCompile>
    <ClCompile Include="Malla.cpp">
      <Filter>Source Files</Filter>
    </ClCompile>
    <ClCompile Include="Color.cpp">
      <Filter>Source Files</Filter>
    </ClCompile>
    <ClCompile Include="Sonido.cpp">
      <Filter>Source Files</Filter>
    </ClCompile>
  </ItemGroup>
  <ItemGroup>
    <None Include="Doxyfile">
      <Filter>Resource Files</Filter>
    </None>
  </ItemGroup>
  <ItemGroup>
    <Text Include="configuracion.txt">
      <Filter>Resource Files</Filter>
    </Text>
  </ItemGroup>
</Project>